
Microsoft Visual Studio Solution File, Format Version 12.00
# Visual Studio Version 16
VisualStudioVersion = 16.0.30907.101
MinimumVisualStudioVersion = 10.0.40219.1
Project("{9A19103F-16F7-4668-BE54-9A1E7A4F7556}") = "SmartCrawler", "SmartCrawler\SmartCrawler.csproj", "{F6082487-47B0-4173-87A4-2BC040F650EB}"
EndProject
Project("{2150E333-8FDC-42A3-9474-1A3956D46DE8}") = "FRM", "FRM", "{62150E22-B852-42B1-B758-90B9090A167E}"
EndProject
Project("{2150E333-8FDC-42A3-9474-1A3956D46DE8}") = "Components", "Components", "{D189033D-C49A-4063-8852-A99C7D264757}"
EndProject
Project("{2150E333-8FDC-42A3-9474-1A3956D46DE8}") = "Queue", "Queue", "{3B34B7DE-F3F6-4081-A45D-6AEE4CF2627B}"
EndProject
Project("{9A19103F-16F7-4668-BE54-9A1E7A4F7556}") = "SmartCrawler.RabbitMQ", "SmartCrawler.RabbitMQ\SmartCrawler.RabbitMQ.csproj", "{C0AA5A52-AD65-4125-8CCD-DCFB47A4C90D}"
EndProject
Project("{2150E333-8FDC-42A3-9474-1A3956D46DE8}") = "Test", "Test", "{F4EB3489-FB6F-458E-ADB6-D5392C2CD7F7}"
EndProject
Project("{9A19103F-16F7-4668-BE54-9A1E7A4F7556}") = "SmartCrawler.RabbitMQ.TestPublisherApplication", "SmartCrawler.RabbitMQ.TestApplication\SmartCrawler.RabbitMQ.TestPublisherApplication.csproj", "{65E278C2-DA2E-43A2-9D2A-B0A8D1D313F4}"
EndProject
Project("{9A19103F-16F7-4668-BE54-9A1E7A4F7556}") = "SmartCrawler.RabbitMQ.TestConsumerApplication", "SmartCrawler.RabbitMQ.TestConsumerApplication\SmartCrawler.RabbitMQ.TestConsumerApplication.csproj", "{881B4BEA-9FDE-48BE-9E93-48B51645B2CE}"
EndProject
Project("{2150E333-8FDC-42A3-9474-1A3956D46DE8}") = "DB", "DB", "{7927CBDC-18DF-4F5C-8DE7-1A86F0FC9E69}"
EndProject
Project("{2150E333-8FDC-42A3-9474-1A3956D46DE8}") = "Interfaces", "Interfaces", "{F425C37C-1288-4033-A6AA-6291A9D3944B}"
EndProject
Project("{FAE04EC0-301F-11D3-BF4B-00C04F79EFBC}") = "SmartCrawler.MongoDB.DAL", "SmartCrawler.MongoDB.DAL\SmartCrawler.MongoDB.DAL.csproj", "{255EAD1B-4F4B-402A-BBA4-3F0C6CCC3A89}"
EndProject
Project("{2150E333-8FDC-42A3-9474-1A3956D46DE8}") = "Types", "Types", "{250D9F62-F979-4DBB-BDAD-23A9F897581A}"
EndProject
Project("{2150E333-8FDC-42A3-9474-1A3956D46DE8}") = "Entities", "Entities", "{434C830F-0637-4ACE-834D-BB79931AF0AA}"
EndProject
Project("{FAE04EC0-301F-11D3-BF4B-00C04F79EFBC}") = "SmartCrawler.MongoDbEntities", "SmartCrawler.MongoDbEntities\SmartCrawler.MongoDbEntities.csproj", "{22A7CDFB-CBF5-44BF-A8A0-FBD517C0C605}"
EndProject
Project("{2150E333-8FDC-42A3-9474-1A3956D46DE8}") = "BaseTypes", "BaseTypes", "{D012F551-02F8-4190-81EE-3EEEE5B1AFC7}"
EndProject
Project("{FAE04EC0-301F-11D3-BF4B-00C04F79EFBC}") = "SmartCrawler.MongoDB.BaseTypes", "SmartCrawler.MongoDB.BaseTypes\SmartCrawler.MongoDB.BaseTypes.csproj", "{79806A18-2EAD-43DF-892E-AD6CFD8CE01F}"
EndProject
Project("{2150E333-8FDC-42A3-9474-1A3956D46DE8}") = "Repositories", "Repositories", "{E28ADA20-053E-4318-B344-88C85CC93346}"
EndProject
Project("{FAE04EC0-301F-11D3-BF4B-00C04F79EFBC}") = "SmartCrawler.MongoDB.Repositories", "SmartCrawler.MongoDB.Repositories\SmartCrawler.MongoDB.Repositories.csproj", "{A705894E-6AB6-4816-9286-0BD183C120E3}"
EndProject
Global
	GlobalSection(SolutionConfigurationPlatforms) = preSolution
		Debug|Any CPU = Debug|Any CPU
		Release|Any CPU = Release|Any CPU
	EndGlobalSection
	GlobalSection(ProjectConfigurationPlatforms) = postSolution
		{F6082487-47B0-4173-87A4-2BC040F650EB}.Debug|Any CPU.ActiveCfg = Debug|Any CPU
		{F6082487-47B0-4173-87A4-2BC040F650EB}.Debug|Any CPU.Build.0 = Debug|Any CPU
		{F6082487-47B0-4173-87A4-2BC040F650EB}.Release|Any CPU.ActiveCfg = Release|Any CPU
		{F6082487-47B0-4173-87A4-2BC040F650EB}.Release|Any CPU.Build.0 = Release|Any CPU
		{C0AA5A52-AD65-4125-8CCD-DCFB47A4C90D}.Debug|Any CPU.ActiveCfg = Debug|Any CPU
		{C0AA5A52-AD65-4125-8CCD-DCFB47A4C90D}.Debug|Any CPU.Build.0 = Debug|Any CPU
		{C0AA5A52-AD65-4125-8CCD-DCFB47A4C90D}.Release|Any CPU.ActiveCfg = Release|Any CPU
		{C0AA5A52-AD65-4125-8CCD-DCFB47A4C90D}.Release|Any CPU.Build.0 = Release|Any CPU
		{65E278C2-DA2E-43A2-9D2A-B0A8D1D313F4}.Debug|Any CPU.ActiveCfg = Debug|Any CPU
		{65E278C2-DA2E-43A2-9D2A-B0A8D1D313F4}.Debug|Any CPU.Build.0 = Debug|Any CPU
		{65E278C2-DA2E-43A2-9D2A-B0A8D1D313F4}.Release|Any CPU.ActiveCfg = Release|Any CPU
		{65E278C2-DA2E-43A2-9D2A-B0A8D1D313F4}.Release|Any CPU.Build.0 = Release|Any CPU
		{881B4BEA-9FDE-48BE-9E93-48B51645B2CE}.Debug|Any CPU.ActiveCfg = Debug|Any CPU
		{881B4BEA-9FDE-48BE-9E93-48B51645B2CE}.Debug|Any CPU.Build.0 = Debug|Any CPU
		{881B4BEA-9FDE-48BE-9E93-48B51645B2CE}.Release|Any CPU.ActiveCfg = Release|Any CPU
		{881B4BEA-9FDE-48BE-9E93-48B51645B2CE}.Release|Any CPU.Build.0 = Release|Any CPU
		{255EAD1B-4F4B-402A-BBA4-3F0C6CCC3A89}.Debug|Any CPU.ActiveCfg = Debug|Any CPU
		{255EAD1B-4F4B-402A-BBA4-3F0C6CCC3A89}.Debug|Any CPU.Build.0 = Debug|Any CPU
		{255EAD1B-4F4B-402A-BBA4-3F0C6CCC3A89}.Release|Any CPU.ActiveCfg = Release|Any CPU
		{255EAD1B-4F4B-402A-BBA4-3F0C6CCC3A89}.Release|Any CPU.Build.0 = Release|Any CPU
		{22A7CDFB-CBF5-44BF-A8A0-FBD517C0C605}.Debug|Any CPU.ActiveCfg = Debug|Any CPU
		{22A7CDFB-CBF5-44BF-A8A0-FBD517C0C605}.Debug|Any CPU.Build.0 = Debug|Any CPU
		{22A7CDFB-CBF5-44BF-A8A0-FBD517C0C605}.Release|Any CPU.ActiveCfg = Release|Any CPU
		{22A7CDFB-CBF5-44BF-A8A0-FBD517C0C605}.Release|Any CPU.Build.0 = Release|Any CPU
		{79806A18-2EAD-43DF-892E-AD6CFD8CE01F}.Debug|Any CPU.ActiveCfg = Debug|Any CPU
		{79806A18-2EAD-43DF-892E-AD6CFD8CE01F}.Debug|Any CPU.Build.0 = Debug|Any CPU
		{79806A18-2EAD-43DF-892E-AD6CFD8CE01F}.Release|Any CPU.ActiveCfg = Release|Any CPU
		{79806A18-2EAD-43DF-892E-AD6CFD8CE01F}.Release|Any CPU.Build.0 = Release|Any CPU
		{A705894E-6AB6-4816-9286-0BD183C120E3}.Debug|Any CPU.ActiveCfg = Debug|Any CPU
		{A705894E-6AB6-4816-9286-0BD183C120E3}.Debug|Any CPU.Build.0 = Debug|Any CPU
		{A705894E-6AB6-4816-9286-0BD183C120E3}.Release|Any CPU.ActiveCfg = Release|Any CPU
		{A705894E-6AB6-4816-9286-0BD183C120E3}.Release|Any CPU.Build.0 = Release|Any CPU
	EndGlobalSection
	GlobalSection(SolutionProperties) = preSolution
		HideSolutionNode = FALSE
	EndGlobalSection
	GlobalSection(NestedProjects) = preSolution
		{D189033D-C49A-4063-8852-A99C7D264757} = {62150E22-B852-42B1-B758-90B9090A167E}
		{3B34B7DE-F3F6-4081-A45D-6AEE4CF2627B} = {D189033D-C49A-4063-8852-A99C7D264757}
		{C0AA5A52-AD65-4125-8CCD-DCFB47A4C90D} = {3B34B7DE-F3F6-4081-A45D-6AEE4CF2627B}
		{65E278C2-DA2E-43A2-9D2A-B0A8D1D313F4} = {F4EB3489-FB6F-458E-ADB6-D5392C2CD7F7}
		{881B4BEA-9FDE-48BE-9E93-48B51645B2CE} = {F4EB3489-FB6F-458E-ADB6-D5392C2CD7F7}
		{7927CBDC-18DF-4F5C-8DE7-1A86F0FC9E69} = {D189033D-C49A-4063-8852-A99C7D264757}
		{255EAD1B-4F4B-402A-BBA4-3F0C6CCC3A89} = {F425C37C-1288-4033-A6AA-6291A9D3944B}
		{434C830F-0637-4ACE-834D-BB79931AF0AA} = {250D9F62-F979-4DBB-BDAD-23A9F897581A}
		{22A7CDFB-CBF5-44BF-A8A0-FBD517C0C605} = {434C830F-0637-4ACE-834D-BB79931AF0AA}
		{D012F551-02F8-4190-81EE-3EEEE5B1AFC7} = {250D9F62-F979-4DBB-BDAD-23A9F897581A}
		{79806A18-2EAD-43DF-892E-AD6CFD8CE01F} = {D012F551-02F8-4190-81EE-3EEEE5B1AFC7}
		{A705894E-6AB6-4816-9286-0BD183C120E3} = {E28ADA20-053E-4318-B344-88C85CC93346}
	EndGlobalSection
	GlobalSection(ExtensibilityGlobals) = postSolution
		SolutionGuid = {62A15AF7-67B9-4110-B55B-31A28E7A2619}
	EndGlobalSection
EndGlobal
